
Microsoft Visual Studio Solution File, Format Version 12.00
# Visual Studio Version 17
VisualStudioVersion = 17.6.33815.320
MinimumVisualStudioVersion = 10.0.40219.1
Project("{FAE04EC0-301F-11D3-BF4B-00C04F79EFBC}") = "PasswordsValidationTestTask", "PasswordsValidationTestTask\PasswordsValidationTestTask.csproj", "{A3B109A3-B7DC-41B6-B7C9-0FB1412DA38D}"
EndProject
Global
	GlobalSection(SolutionConfigurationPlatforms) = preSolution
		Debug|Any CPU = Debug|Any CPU
		Release|Any CPU = Release|Any CPU
	EndGlobalSection
	GlobalSection(ProjectConfigurationPlatforms) = postSolution
		{A3B109A3-B7DC-41B6-B7C9-0FB1412DA38D}.Debug|Any CPU.ActiveCfg = Debug|Any CPU
		{A3B109A3-B7DC-41B6-B7C9-0FB1412DA38D}.Debug|Any CPU.Build.0 = Debug|Any CPU
		{A3B109A3-B7DC-41B6-B7C9-0FB1412DA38D}.Release|Any CPU.ActiveCfg = Release|Any CPU
		{A3B109A3-B7DC-41B6-B7C9-0FB1412DA38D}.Release|Any CPU.Build.0 = Release|Any CPU
	EndGlobalSection
	GlobalSection(SolutionProperties) = preSolution
		HideSolutionNode = FALSE
	EndGlobalSection
	GlobalSection(ExtensibilityGlobals) = postSolution
		SolutionGuid = {734E8AAC-4FCC-4B2A-BA47-306BCB7B94A7}
	EndGlobalSection
EndGlobal
